
Microsoft Visual Studio Solution File, Format Version 12.00
# Visual Studio Version 16
VisualStudioVersion = 16.0.29503.13
MinimumVisualStudioVersion = 10.0.40219.1
Project("{9A19103F-16F7-4668-BE54-9A1E7A4F7556}") = "softplayer", "softplayer\softplayer.csproj", "{19C7BBDD-970B-4DB2-876E-4B25385F6BB4}"
EndProject
Project("{9A19103F-16F7-4668-BE54-9A1E7A4F7556}") = "softplayer.UnitTests", "softplayer.UnitTests\softplayer.UnitTests.csproj", "{9F366F49-1BD6-4CE2-B500-BB23CCCE498F}"
EndProject
Project("{FAE04EC0-301F-11D3-BF4B-00C04F79EFBC}") = "softplayer.Modules.Juro", "softplayer.Modules.Juro\softplayer.Modules.Juro.csproj", "{A301EA29-89E1-4132-A86E-19E165D2A94A}"
EndProject
Project("{FAE04EC0-301F-11D3-BF4B-00C04F79EFBC}") = "softplayer.Modules.Code", "softplayer.Modules.Code\softplayer.Modules.Code.csproj", "{517A03C1-70E3-4FB9-BD5F-23580DFBED26}"
EndProject
Project("{9A19103F-16F7-4668-BE54-9A1E7A4F7556}") = "softplayerApi2", "softplayerApi2\softplayerApi2.csproj", "{BA78E20C-2CE7-49FE-BAE8-396FB7201668}"
EndProject
Global
	GlobalSection(SolutionConfigurationPlatforms) = preSolution
		Debug|Any CPU = Debug|Any CPU
		Release|Any CPU = Release|Any CPU
	EndGlobalSection
	GlobalSection(ProjectConfigurationPlatforms) = postSolution
		{19C7BBDD-970B-4DB2-876E-4B25385F6BB4}.Debug|Any CPU.ActiveCfg = Debug|Any CPU
		{19C7BBDD-970B-4DB2-876E-4B25385F6BB4}.Debug|Any CPU.Build.0 = Debug|Any CPU
		{19C7BBDD-970B-4DB2-876E-4B25385F6BB4}.Release|Any CPU.ActiveCfg = Release|Any CPU
		{19C7BBDD-970B-4DB2-876E-4B25385F6BB4}.Release|Any CPU.Build.0 = Release|Any CPU
		{9F366F49-1BD6-4CE2-B500-BB23CCCE498F}.Debug|Any CPU.ActiveCfg = Debug|Any CPU
		{9F366F49-1BD6-4CE2-B500-BB23CCCE498F}.Debug|Any CPU.Build.0 = Debug|Any CPU
		{9F366F49-1BD6-4CE2-B500-BB23CCCE498F}.Release|Any CPU.ActiveCfg = Release|Any CPU
		{9F366F49-1BD6-4CE2-B500-BB23CCCE498F}.Release|Any CPU.Build.0 = Release|Any CPU
		{A301EA29-89E1-4132-A86E-19E165D2A94A}.Debug|Any CPU.ActiveCfg = Debug|Any CPU
		{A301EA29-89E1-4132-A86E-19E165D2A94A}.Debug|Any CPU.Build.0 = Debug|Any CPU
		{A301EA29-89E1-4132-A86E-19E165D2A94A}.Release|Any CPU.ActiveCfg = Release|Any CPU
		{A301EA29-89E1-4132-A86E-19E165D2A94A}.Release|Any CPU.Build.0 = Release|Any CPU
		{517A03C1-70E3-4FB9-BD5F-23580DFBED26}.Debug|Any CPU.ActiveCfg = Debug|Any CPU
		{517A03C1-70E3-4FB9-BD5F-23580DFBED26}.Debug|Any CPU.Build.0 = Debug|Any CPU
		{517A03C1-70E3-4FB9-BD5F-23580DFBED26}.Release|Any CPU.ActiveCfg = Release|Any CPU
		{517A03C1-70E3-4FB9-BD5F-23580DFBED26}.Release|Any CPU.Build.0 = Release|Any CPU
		{BA78E20C-2CE7-49FE-BAE8-396FB7201668}.Debug|Any CPU.ActiveCfg = Debug|Any CPU
		{BA78E20C-2CE7-49FE-BAE8-396FB7201668}.Debug|Any CPU.Build.0 = Debug|Any CPU
		{BA78E20C-2CE7-49FE-BAE8-396FB7201668}.Release|Any CPU.ActiveCfg = Release|Any CPU
		{BA78E20C-2CE7-49FE-BAE8-396FB7201668}.Release|Any CPU.Build.0 = Release|Any CPU
	EndGlobalSection
	GlobalSection(SolutionProperties) = preSolution
		HideSolutionNode = FALSE
	EndGlobalSection
	GlobalSection(ExtensibilityGlobals) = postSolution
		SolutionGuid = {488B3764-615C-405D-A4DC-4CEA7D3A02AB}
	EndGlobalSection
EndGlobal
